
Microsoft Visual Studio Solution File, Format Version 12.00
# Visual Studio Version 17
VisualStudioVersion = 17.11.35327.3
MinimumVisualStudioVersion = 10.0.40219.1
Project("{FAE04EC0-301F-11D3-BF4B-00C04F79EFBC}") = "Practice_Store.Common", "..\Practice_Store.Common\Practice_Store.Common.csproj", "{E07BCAFE-9A1B-434B-A39C-262A76B64D5E}"
EndProject
Project("{2150E333-8FDC-42A3-9474-1A3956D46DE8}") = "Doc", "Doc", "{F16B65EF-7EE3-4E67-A39D-63D95771BBE7}"
EndProject
Project("{2150E333-8FDC-42A3-9474-1A3956D46DE8}") = "Src", "Src", "{0BFF4CBC-520E-4F37-9078-0DFFB4CE4DB1}"
EndProject
Project("{2150E333-8FDC-42A3-9474-1A3956D46DE8}") = "Common", "Common", "{B456A5E8-623D-4FA6-80EC-3DBE423E68CD}"
EndProject
Project("{2150E333-8FDC-42A3-9474-1A3956D46DE8}") = "Core", "Core", "{5156AD0C-7EAF-4982-B9FE-42992C2E5F70}"
EndProject
Project("{2150E333-8FDC-42A3-9474-1A3956D46DE8}") = "Infrastructure", "Infrastructure", "{C9456827-3DEA-4078-AF86-BE2CFD96D858}"
EndProject
Project("{2150E333-8FDC-42A3-9474-1A3956D46DE8}") = "Presentation", "Presentation", "{3DCCE0FF-088C-4FC7-8F79-10486543338C}"
EndProject
Project("{2150E333-8FDC-42A3-9474-1A3956D46DE8}") = "Test", "Test", "{884309D8-62A1-4F2A-AE14-8BD7C042D394}"
EndProject
Project("{FAE04EC0-301F-11D3-BF4B-00C04F79EFBC}") = "Practice_Store.Domain", "..\Practice_Store.Domain\Practice_Store.Domain.csproj", "{162B5935-5896-4983-B6D5-2F1ACC62B56D}"
EndProject
Project("{FAE04EC0-301F-11D3-BF4B-00C04F79EFBC}") = "Practice_Store.Application", "..\Practice_Store.Application\Practice_Store.Application.csproj", "{77E65CC7-42F1-4ABC-AE86-0963BBA5CB5D}"
EndProject
Project("{FAE04EC0-301F-11D3-BF4B-00C04F79EFBC}") = "Practice_Store.Infrastructure", "..\Practice_Store.Infrastructure\Practice_Store.Infrastructure.csproj", "{E733BFFC-C883-4A91-BAF8-AA2706C41EBC}"
EndProject
Project("{FAE04EC0-301F-11D3-BF4B-00C04F79EFBC}") = "Practice_Store.Persistence", "..\Practice_Store.Persistence\Practice_Store.Persistence.csproj", "{316E2050-05A5-46E4-8AC7-24E10E89A2EF}"
EndProject
Project("{FAE04EC0-301F-11D3-BF4B-00C04F79EFBC}") = "EndPoint.Site", "..\EndPoint.Site\EndPoint.Site.csproj", "{70BBBC10-C6D8-4125-9E7A-E99CBB01B81B}"
EndProject
Project("{FAE04EC0-301F-11D3-BF4B-00C04F79EFBC}") = "Endpoint.Api", "..\EndPoint.Api\Endpoint.Api\Endpoint.Api.csproj", "{C835673E-9C3C-4839-9AF4-F065CA0546DE}"
EndProject
Global
	GlobalSection(SolutionConfigurationPlatforms) = preSolution
		Debug|Any CPU = Debug|Any CPU
		Release|Any CPU = Release|Any CPU
	EndGlobalSection
	GlobalSection(ProjectConfigurationPlatforms) = postSolution
		{E07BCAFE-9A1B-434B-A39C-262A76B64D5E}.Debug|Any CPU.ActiveCfg = Debug|Any CPU
		{E07BCAFE-9A1B-434B-A39C-262A76B64D5E}.Debug|Any CPU.Build.0 = Debug|Any CPU
		{E07BCAFE-9A1B-434B-A39C-262A76B64D5E}.Release|Any CPU.ActiveCfg = Release|Any CPU
		{E07BCAFE-9A1B-434B-A39C-262A76B64D5E}.Release|Any CPU.Build.0 = Release|Any CPU
		{162B5935-5896-4983-B6D5-2F1ACC62B56D}.Debug|Any CPU.ActiveCfg = Debug|Any CPU
		{162B5935-5896-4983-B6D5-2F1ACC62B56D}.Debug|Any CPU.Build.0 = Debug|Any CPU
		{162B5935-5896-4983-B6D5-2F1ACC62B56D}.Release|Any CPU.ActiveCfg = Release|Any CPU
		{162B5935-5896-4983-B6D5-2F1ACC62B56D}.Release|Any CPU.Build.0 = Release|Any CPU
		{77E65CC7-42F1-4ABC-AE86-0963BBA5CB5D}.Debug|Any CPU.ActiveCfg = Debug|Any CPU
		{77E65CC7-42F1-4ABC-AE86-0963BBA5CB5D}.Debug|Any CPU.Build.0 = Debug|Any CPU
		{77E65CC7-42F1-4ABC-AE86-0963BBA5CB5D}.Release|Any CPU.ActiveCfg = Release|Any CPU
		{77E65CC7-42F1-4ABC-AE86-0963BBA5CB5D}.Release|Any CPU.Build.0 = Release|Any CPU
		{E733BFFC-C883-4A91-BAF8-AA2706C41EBC}.Debug|Any CPU.ActiveCfg = Debug|Any CPU
		{E733BFFC-C883-4A91-BAF8-AA2706C41EBC}.Debug|Any CPU.Build.0 = Debug|Any CPU
		{E733BFFC-C883-4A91-BAF8-AA2706C41EBC}.Release|Any CPU.ActiveCfg = Release|Any CPU
		{E733BFFC-C883-4A91-BAF8-AA2706C41EBC}.Release|Any CPU.Build.0 = Release|Any CPU
		{316E2050-05A5-46E4-8AC7-24E10E89A2EF}.Debug|Any CPU.ActiveCfg = Debug|Any CPU
		{316E2050-05A5-46E4-8AC7-24E10E89A2EF}.Debug|Any CPU.Build.0 = Debug|Any CPU
		{316E2050-05A5-46E4-8AC7-24E10E89A2EF}.Release|Any CPU.ActiveCfg = Release|Any CPU
		{316E2050-05A5-46E4-8AC7-24E10E89A2EF}.Release|Any CPU.Build.0 = Release|Any CPU
		{70BBBC10-C6D8-4125-9E7A-E99CBB01B81B}.Debug|Any CPU.ActiveCfg = Debug|Any CPU
		{70BBBC10-C6D8-4125-9E7A-E99CBB01B81B}.Debug|Any CPU.Build.0 = Debug|Any CPU
		{70BBBC10-C6D8-4125-9E7A-E99CBB01B81B}.Release|Any CPU.ActiveCfg = Release|Any CPU
		{70BBBC10-C6D8-4125-9E7A-E99CBB01B81B}.Release|Any CPU.Build.0 = Release|Any CPU
		{C835673E-9C3C-4839-9AF4-F065CA0546DE}.Debug|Any CPU.ActiveCfg = Debug|Any CPU
		{C835673E-9C3C-4839-9AF4-F065CA0546DE}.Debug|Any CPU.Build.0 = Debug|Any CPU
		{C835673E-9C3C-4839-9AF4-F065CA0546DE}.Release|Any CPU.ActiveCfg = Release|Any CPU
		{C835673E-9C3C-4839-9AF4-F065CA0546DE}.Release|Any CPU.Build.0 = Release|Any CPU
	EndGlobalSection
	GlobalSection(SolutionProperties) = preSolution
		HideSolutionNode = FALSE
	EndGlobalSection
	GlobalSection(NestedProjects) = preSolution
		{E07BCAFE-9A1B-434B-A39C-262A76B64D5E} = {B456A5E8-623D-4FA6-80EC-3DBE423E68CD}
		{B456A5E8-623D-4FA6-80EC-3DBE423E68CD} = {0BFF4CBC-520E-4F37-9078-0DFFB4CE4DB1}
		{5156AD0C-7EAF-4982-B9FE-42992C2E5F70} = {0BFF4CBC-520E-4F37-9078-0DFFB4CE4DB1}
		{C9456827-3DEA-4078-AF86-BE2CFD96D858} = {0BFF4CBC-520E-4F37-9078-0DFFB4CE4DB1}
		{3DCCE0FF-088C-4FC7-8F79-10486543338C} = {0BFF4CBC-520E-4F37-9078-0DFFB4CE4DB1}
		{162B5935-5896-4983-B6D5-2F1ACC62B56D} = {5156AD0C-7EAF-4982-B9FE-42992C2E5F70}
		{77E65CC7-42F1-4ABC-AE86-0963BBA5CB5D} = {5156AD0C-7EAF-4982-B9FE-42992C2E5F70}
		{E733BFFC-C883-4A91-BAF8-AA2706C41EBC} = {C9456827-3DEA-4078-AF86-BE2CFD96D858}
		{316E2050-05A5-46E4-8AC7-24E10E89A2EF} = {C9456827-3DEA-4078-AF86-BE2CFD96D858}
		{70BBBC10-C6D8-4125-9E7A-E99CBB01B81B} = {3DCCE0FF-088C-4FC7-8F79-10486543338C}
		{C835673E-9C3C-4839-9AF4-F065CA0546DE} = {3DCCE0FF-088C-4FC7-8F79-10486543338C}
	EndGlobalSection
	GlobalSection(ExtensibilityGlobals) = postSolution
		SolutionGuid = {EA335C91-EB37-45F8-AF6A-6317D42258ED}
	EndGlobalSection
EndGlobal
